
Microsoft Visual Studio Solution File, Format Version 12.00
# Visual Studio 15
VisualStudioVersion = 15.0.28307.421
MinimumVisualStudioVersion = 10.0.40219.1
Project("{FAE04EC0-301F-11D3-BF4B-00C04F79EFBC}") = "EmpManagementApp", "WebApplication1\EmpManagementApp.csproj", "{EA3DC89D-C81D-41B3-8811-C4D81EB6D706}"
EndProject
Project("{FAE04EC0-301F-11D3-BF4B-00C04F79EFBC}") = "EmployeeModels", "EmployeeModels\EmployeeModels.csproj", "{1422AC81-BFA8-44D1-BD13-D9391C8EB8EB}"
EndProject
Project("{FAE04EC0-301F-11D3-BF4B-00C04F79EFBC}") = "EmployeeService", "EmployeeService\EmployeeService.csproj", "{D7546032-38C5-41CF-B4CC-5F079064F4AE}"
EndProject
Global
	GlobalSection(SolutionConfigurationPlatforms) = preSolution
		Debug|Any CPU = Debug|Any CPU
		Release|Any CPU = Release|Any CPU
	EndGlobalSection
	GlobalSection(ProjectConfigurationPlatforms) = postSolution
		{EA3DC89D-C81D-41B3-8811-C4D81EB6D706}.Debug|Any CPU.ActiveCfg = Debug|Any CPU
		{EA3DC89D-C81D-41B3-8811-C4D81EB6D706}.Debug|Any CPU.Build.0 = Debug|Any CPU
		{EA3DC89D-C81D-41B3-8811-C4D81EB6D706}.Release|Any CPU.ActiveCfg = Release|Any CPU
		{EA3DC89D-C81D-41B3-8811-C4D81EB6D706}.Release|Any CPU.Build.0 = Release|Any CPU
		{1422AC81-BFA8-44D1-BD13-D9391C8EB8EB}.Debug|Any CPU.ActiveCfg = Debug|Any CPU
		{1422AC81-BFA8-44D1-BD13-D9391C8EB8EB}.Debug|Any CPU.Build.0 = Debug|Any CPU
		{1422AC81-BFA8-44D1-BD13-D9391C8EB8EB}.Release|Any CPU.ActiveCfg = Release|Any CPU
		{1422AC81-BFA8-44D1-BD13-D9391C8EB8EB}.Release|Any CPU.Build.0 = Release|Any CPU
		{D7546032-38C5-41CF-B4CC-5F079064F4AE}.Debug|Any CPU.ActiveCfg = Debug|Any CPU
		{D7546032-38C5-41CF-B4CC-5F079064F4AE}.Debug|Any CPU.Build.0 = Debug|Any CPU
		{D7546032-38C5-41CF-B4CC-5F079064F4AE}.Release|Any CPU.ActiveCfg = Release|Any CPU
		{D7546032-38C5-41CF-B4CC-5F079064F4AE}.Release|Any CPU.Build.0 = Release|Any CPU
	EndGlobalSection
	GlobalSection(SolutionProperties) = preSolution
		HideSolutionNode = FALSE
	EndGlobalSection
	GlobalSection(ExtensibilityGlobals) = postSolution
		SolutionGuid = {4ED88AE4-08F1-4CE1-B6A3-B19F182A027C}
	EndGlobalSection
EndGlobal
